
Microsoft Visual Studio Solution File, Format Version 12.00
# Visual Studio Version 16
VisualStudioVersion = 16.0.31515.178
MinimumVisualStudioVersion = 10.0.40219.1
Project("{FAE04EC0-301F-11D3-BF4B-00C04F79EFBC}") = "BlockChain", "BlockChain\BlockChain.csproj", "{A7A39717-2C55-4A87-AEFA-7623E5F4D866}"
EndProject
Project("{FAE04EC0-301F-11D3-BF4B-00C04F79EFBC}") = "RSA", "RSA\RSA.csproj", "{255A9D4F-B50D-4A9F-99DB-EE83344A69C3}"
EndProject
Global
	GlobalSection(SolutionConfigurationPlatforms) = preSolution
		Debug|Any CPU = Debug|Any CPU
		Release|Any CPU = Release|Any CPU
	EndGlobalSection
	GlobalSection(ProjectConfigurationPlatforms) = postSolution
		{A7A39717-2C55-4A87-AEFA-7623E5F4D866}.Debug|Any CPU.ActiveCfg = Debug|Any CPU
		{A7A39717-2C55-4A87-AEFA-7623E5F4D866}.Debug|Any CPU.Build.0 = Debug|Any CPU
		{A7A39717-2C55-4A87-AEFA-7623E5F4D866}.Release|Any CPU.ActiveCfg = Release|Any CPU
		{A7A39717-2C55-4A87-AEFA-7623E5F4D866}.Release|Any CPU.Build.0 = Release|Any CPU
		{255A9D4F-B50D-4A9F-99DB-EE83344A69C3}.Debug|Any CPU.ActiveCfg = Debug|Any CPU
		{255A9D4F-B50D-4A9F-99DB-EE83344A69C3}.Debug|Any CPU.Build.0 = Debug|Any CPU
		{255A9D4F-B50D-4A9F-99DB-EE83344A69C3}.Release|Any CPU.ActiveCfg = Release|Any CPU
		{255A9D4F-B50D-4A9F-99DB-EE83344A69C3}.Release|Any CPU.Build.0 = Release|Any CPU
	EndGlobalSection
	GlobalSection(SolutionProperties) = preSolution
		HideSolutionNode = FALSE
	EndGlobalSection
	GlobalSection(ExtensibilityGlobals) = postSolution
		SolutionGuid = {909AD910-E7AB-4EBB-BD14-87081CEE4B57}
	EndGlobalSection
EndGlobal
